
Microsoft Visual Studio Solution File, Format Version 12.00
# Visual Studio 15
VisualStudioVersion = 15.0.27130.2024
MinimumVisualStudioVersion = 10.0.40219.1
Project("{9A19103F-16F7-4668-BE54-9A1E7A4F7556}") = "SocialApplication", "SocialApplication\SocialApplication.csproj", "{4E945799-9ACA-4DEA-AC41-43D29ED2BC89}"
EndProject
Project("{9A19103F-16F7-4668-BE54-9A1E7A4F7556}") = "SocialApplication.Storage", "SocialApplication.Storage\SocialApplication.Storage.csproj", "{E5C92136-9F71-4D0F-A680-9B5AB9498E27}"
EndProject
Project("{9A19103F-16F7-4668-BE54-9A1E7A4F7556}") = "SocialApplication.Core", "SocialApplication.Core\SocialApplication.Core.csproj", "{50148C48-081C-4B29-AC38-747AF6FA10EC}"
EndProject
Project("{9A19103F-16F7-4668-BE54-9A1E7A4F7556}") = "SocialApplication.UnitTests", "SocialApplication.UnitTests\SocialApplication.UnitTests.csproj", "{C312268A-7969-444E-A2F0-CAEE40274CD8}"
EndProject
Project("{9A19103F-16F7-4668-BE54-9A1E7A4F7556}") = "SocialApplication.UnitTests.Core", "SocialApplication.UnitTests.Core\SocialApplication.UnitTests.Core.csproj", "{E27CC322-83FF-44D4-AE9E-148CE66289FF}"
EndProject
Global
	GlobalSection(SolutionConfigurationPlatforms) = preSolution
		Debug|Any CPU = Debug|Any CPU
		Release|Any CPU = Release|Any CPU
	EndGlobalSection
	GlobalSection(ProjectConfigurationPlatforms) = postSolution
		{4E945799-9ACA-4DEA-AC41-43D29ED2BC89}.Debug|Any CPU.ActiveCfg = Debug|Any CPU
		{4E945799-9ACA-4DEA-AC41-43D29ED2BC89}.Debug|Any CPU.Build.0 = Debug|Any CPU
		{4E945799-9ACA-4DEA-AC41-43D29ED2BC89}.Release|Any CPU.ActiveCfg = Release|Any CPU
		{4E945799-9ACA-4DEA-AC41-43D29ED2BC89}.Release|Any CPU.Build.0 = Release|Any CPU
		{E5C92136-9F71-4D0F-A680-9B5AB9498E27}.Debug|Any CPU.ActiveCfg = Debug|Any CPU
		{E5C92136-9F71-4D0F-A680-9B5AB9498E27}.Debug|Any CPU.Build.0 = Debug|Any CPU
		{E5C92136-9F71-4D0F-A680-9B5AB9498E27}.Release|Any CPU.ActiveCfg = Release|Any CPU
		{E5C92136-9F71-4D0F-A680-9B5AB9498E27}.Release|Any CPU.Build.0 = Release|Any CPU
		{50148C48-081C-4B29-AC38-747AF6FA10EC}.Debug|Any CPU.ActiveCfg = Debug|Any CPU
		{50148C48-081C-4B29-AC38-747AF6FA10EC}.Debug|Any CPU.Build.0 = Debug|Any CPU
		{50148C48-081C-4B29-AC38-747AF6FA10EC}.Release|Any CPU.ActiveCfg = Release|Any CPU
		{50148C48-081C-4B29-AC38-747AF6FA10EC}.Release|Any CPU.Build.0 = Release|Any CPU
		{C312268A-7969-444E-A2F0-CAEE40274CD8}.Debug|Any CPU.ActiveCfg = Debug|Any CPU
		{C312268A-7969-444E-A2F0-CAEE40274CD8}.Debug|Any CPU.Build.0 = Debug|Any CPU
		{C312268A-7969-444E-A2F0-CAEE40274CD8}.Release|Any CPU.ActiveCfg = Release|Any CPU
		{C312268A-7969-444E-A2F0-CAEE40274CD8}.Release|Any CPU.Build.0 = Release|Any CPU
		{E27CC322-83FF-44D4-AE9E-148CE66289FF}.Debug|Any CPU.ActiveCfg = Debug|Any CPU
		{E27CC322-83FF-44D4-AE9E-148CE66289FF}.Debug|Any CPU.Build.0 = Debug|Any CPU
		{E27CC322-83FF-44D4-AE9E-148CE66289FF}.Release|Any CPU.ActiveCfg = Release|Any CPU
		{E27CC322-83FF-44D4-AE9E-148CE66289FF}.Release|Any CPU.Build.0 = Release|Any CPU
	EndGlobalSection
	GlobalSection(SolutionProperties) = preSolution
		HideSolutionNode = FALSE
	EndGlobalSection
	GlobalSection(ExtensibilityGlobals) = postSolution
		SolutionGuid = {E1AD7407-5300-4B64-B02D-3760B8505247}
	EndGlobalSection
EndGlobal
